Microsoft Visual Studio Solution File, Format Version 11.00
# Visual Studio 2008

Project("{92B5792C-E3BB-29BB-1040-81B9BD34D229}") = "CrazySphere", "Assembly-CSharp.csproj", "{CECA6165-3009-82A7-422B-964636B6517F}"
EndProject
Global
	GlobalSection(SolutionConfigurationPlatforms) = preSolution
		Debug|Any CPU = Debug|Any CPU
		Release|Any CPU = Release|Any CPU
	EndGlobalSection
	GlobalSection(ProjectConfigurationPlatforms) = postSolution
		{CECA6165-3009-82A7-422B-964636B6517F}.Debug|Any CPU.ActiveCfg = Debug|Any CPU
		{CECA6165-3009-82A7-422B-964636B6517F}.Debug|Any CPU.Build.0 = Debug|Any CPU
		{CECA6165-3009-82A7-422B-964636B6517F}.Release|Any CPU.ActiveCfg = Release|Any CPU
		{CECA6165-3009-82A7-422B-964636B6517F}.Release|Any CPU.Build.0 = Release|Any CPU
	EndGlobalSection
	GlobalSection(SolutionProperties) = preSolution
		HideSolutionNode = FALSE
	EndGlobalSection
									GlobalSection(MonoDevelopProperties) = preSolution
		StartupItem = Assembly-CSharp.csproj
		Policies = $0
		$0.TextStylePolicy = $1
		$1.inheritsSet = null
		$1.scope = text/x-csharp
		$0.CSharpFormattingPolicy = $2
		$2.inheritsSet = Mono
		$2.inheritsScope = text/x-csharp
		$2.scope = text/x-csharp
		$0.TextStylePolicy = $3
		$3.FileWidth = 120
		$3.TabWidth = 4
		$3.EolMarker = Unix
		$3.inheritsSet = Mono
		$3.inheritsScope = text/plain
		$3.scope = text/plain
	EndGlobalSection

EndGlobal
